{
    "version": 3,
    "terraform_version": "0.11.0",
    "serial": 16,
    "lineage": "b5690af6-6935-46e8-b4c2-936b21946f2c",
    "modules": [
        {
            "path": [
                "root"
            ],
            "outputs": {
                "develop_git_url": {
                    "sensitive": false,
                    "type": "string",
                    "value": "https://git.heroku.com/uni7-terraform-heroku-develop.git"
                }
            },
            "resources": {
                "heroku_addon.develop": {
                    "type": "heroku_addon",
                    "depends_on": [
                        "heroku_app.develop"
                    ],
                    "primary": {
                        "id": "94395238-c183-4cc9-a790-f0db941e07c7",
                        "attributes": {
                            "app": "uni7-terraform-heroku-develop",
                            "config_vars.#": "1",
                            "config_vars.0": "DATABASE_URL",
                            "id": "94395238-c183-4cc9-a790-f0db941e07c7",
                            "name": "postgresql-spherical-32638",
                            "plan": "heroku-postgresql:hobby-dev",
                            "provider_id": "16482873"
                        },
                        "meta": {
                            "schema_version": "1"
                        },
                        "tainted": false
                    },
                    "deposed": [],
                    "provider": "provider.heroku"
                },
                "heroku_app.develop": {
                    "type": "heroku_app",
                    "depends_on": [],
                    "primary": {
                        "id": "uni7-terraform-heroku-develop",
                        "attributes": {
                            "acm": "false",
                            "all_config_vars.%": "1",
                            "all_config_vars.APP_ENV": "develop",
                            "config_vars.#": "1",
                            "config_vars.0.%": "1",
                            "config_vars.0.APP_ENV": "develop",
                            "git_url": "https://git.heroku.com/uni7-terraform-heroku-develop.git",
                            "heroku_hostname": "uni7-terraform-heroku-develop.herokuapp.com",
                            "id": "uni7-terraform-heroku-develop",
                            "internal_routing": "false",
                            "name": "uni7-terraform-heroku-develop",
                            "region": "us",
                            "sensitive_config_vars.#": "0",
                            "stack": "heroku-18",
                            "uuid": "e1c7314f-6afb-4ae1-9a8b-88e9163d3d9a",
                            "web_url": "https://uni7-terraform-heroku-develop.herokuapp.com/"
                        },
                        "meta": {},
                        "tainted": false
                    },
                    "deposed": [],
                    "provider": "provider.heroku"
                },
                "heroku_build.uni7-build": {
                    "type": "heroku_build",
                    "depends_on": [
                        "heroku_app.develop"
                    ],
                    "primary": {
                        "id": "50f1a5fa-926f-4139-8aa2-331f5218e56d",
                        "attributes": {
                            "app": "uni7-terraform-heroku-develop",
                            "buildpacks.#": "1",
                            "buildpacks.0": "https://buildpack-registry.s3.amazonaws.com/buildpacks/heroku/nodejs.tgz",
                            "id": "50f1a5fa-926f-4139-8aa2-331f5218e56d",
                            "local_checksum": "SHA256:d3f47c58263bdc30a11b8a292031abe0aece9a5c8c3780e87b7313dc23a1eafc",
                            "output_stream_url": "https://build-output.heroku.com/streams/e1/e1c7314f-6afb-4ae1-9a8b-88e9163d3d9a/logs/50/50f1a5fa-926f-4139-8aa2-331f5218e56d.log?X-Amz-Algorithm=AWS4-HMAC-SHA256\u0026X-Amz-Credential=AKIAIQI6BAUWXGR4S77Q%2F20190403%2Fus-east-1%2Fs3%2Faws4_request\u0026X-Amz-Date=20190403T223558Z\u0026X-Amz-Expires=86400\u0026X-Amz-SignedHeaders=host\u0026X-Amz-Signature=36f0297adfedc0e717c9de3ddad2ef1a87245c7ae530b1268c29a4037cae16cb",
                            "release_id": "10e54fbb-b260-4fe5-921e-4f067a5d0fca",
                            "slug_id": "ca5d90bd-ad23-46ca-aba2-71cb5ab8e66b",
                            "source.%": "1",
                            "source.path": "../app",
                            "stack": "heroku-18",
                            "status": "succeeded",
                            "user.%": "2",
                            "user.email": "nielsenteixeira@gmail.com",
                            "user.id": "4a01d64a-edc8-4df5-820b-22df83eace14",
                            "uuid": "50f1a5fa-926f-4139-8aa2-331f5218e56d"
                        },
                        "meta": {},
                        "tainted": false
                    },
                    "deposed": [],
                    "provider": "provider.heroku"
                },
                "heroku_pipeline.pipeline": {
                    "type": "heroku_pipeline",
                    "depends_on": [],
                    "primary": {
                        "id": "6545c8e8-5cf5-44b2-bca0-2ddca2f0b885",
                        "attributes": {
                            "id": "6545c8e8-5cf5-44b2-bca0-2ddca2f0b885",
                            "name": "terraform-heroku"
                        },
                        "meta": {},
                        "tainted": false
                    },
                    "deposed": [],
                    "provider": "provider.heroku"
                },
                "heroku_pipeline_coupling.develop": {
                    "type": "heroku_pipeline_coupling",
                    "depends_on": [
                        "heroku_app.develop",
                        "heroku_pipeline.pipeline"
                    ],
                    "primary": {
                        "id": "95f2d867-b325-42e6-bb32-f08eba6fe9f5",
                        "attributes": {
                            "app": "uni7-terraform-heroku-develop",
                            "app_id": "e1c7314f-6afb-4ae1-9a8b-88e9163d3d9a",
                            "id": "95f2d867-b325-42e6-bb32-f08eba6fe9f5",
                            "pipeline": "6545c8e8-5cf5-44b2-bca0-2ddca2f0b885",
                            "stage": "development"
                        },
                        "meta": {},
                        "tainted": false
                    },
                    "deposed": [],
                    "provider": "provider.heroku"
                }
            },
            "depends_on": []
        }
    ]
}
